
Microsoft Visual Studio Solution File, Format Version 12.00
# Visual Studio Version 17
VisualStudioVersion = 17.0.31903.59
MinimumVisualStudioVersion = 10.0.40219.1
Project("{FAE04EC0-301F-11D3-BF4B-00C04F79EFBC}") = "API", "API\API.csproj", "{C557FC94-F525-4016-989D-FCDE1A6A3320}"
EndProject
Project("{FAE04EC0-301F-11D3-BF4B-00C04F79EFBC}") = "Core", "Core\Core.csproj", "{9627B7FD-6882-4610-AE48-BD15E4D6A6EB}"
EndProject
Project("{FAE04EC0-301F-11D3-BF4B-00C04F79EFBC}") = "Infrastructure", "Infrastructure\Infrastructure.csproj", "{42CD14F0-1A34-482D-BF25-FCF55450A1C0}"
EndProject
Global
	GlobalSection(SolutionConfigurationPlatforms) = preSolution
		Debug|Any CPU = Debug|Any CPU
		Release|Any CPU = Release|Any CPU
	EndGlobalSection
	GlobalSection(SolutionProperties) = preSolution
		HideSolutionNode = FALSE
	EndGlobalSection
	GlobalSection(ProjectConfigurationPlatforms) = postSolution
		{C557FC94-F525-4016-989D-FCDE1A6A3320}.Debug|Any CPU.ActiveCfg = Debug|Any CPU
		{C557FC94-F525-4016-989D-FCDE1A6A3320}.Debug|Any CPU.Build.0 = Debug|Any CPU
		{C557FC94-F525-4016-989D-FCDE1A6A3320}.Release|Any CPU.ActiveCfg = Release|Any CPU
		{C557FC94-F525-4016-989D-FCDE1A6A3320}.Release|Any CPU.Build.0 = Release|Any CPU
		{9627B7FD-6882-4610-AE48-BD15E4D6A6EB}.Debug|Any CPU.ActiveCfg = Debug|Any CPU
		{9627B7FD-6882-4610-AE48-BD15E4D6A6EB}.Debug|Any CPU.Build.0 = Debug|Any CPU
		{9627B7FD-6882-4610-AE48-BD15E4D6A6EB}.Release|Any CPU.ActiveCfg = Release|Any CPU
		{9627B7FD-6882-4610-AE48-BD15E4D6A6EB}.Release|Any CPU.Build.0 = Release|Any CPU
		{42CD14F0-1A34-482D-BF25-FCF55450A1C0}.Debug|Any CPU.ActiveCfg = Debug|Any CPU
		{42CD14F0-1A34-482D-BF25-FCF55450A1C0}.Debug|Any CPU.Build.0 = Debug|Any CPU
		{42CD14F0-1A34-482D-BF25-FCF55450A1C0}.Release|Any CPU.ActiveCfg = Release|Any CPU
		{42CD14F0-1A34-482D-BF25-FCF55450A1C0}.Release|Any CPU.Build.0 = Release|Any CPU
	EndGlobalSection
EndGlobal
